# Generated by conda-lock.
# platform: linux-64
# input_hash: 3dc1983dac5930d8dd43c064059508ad2c470465567630c36c74df9cab6d9735
@EXPLICIT
https://conda.anaconda.org/conda-forge/noarch/_r-mutex-1.0.1-anacondar_1.tar.bz2#19f9db5f4f1b7f5ef5f6d67207f25f38
https://conda.anaconda.org/conda-forge/noarch/font-ttf-dejavu-sans-mono-2.37-hab24e00_0.tar.bz2#0c96522c6bdaed4b1566d11387caaf45
https://conda.anaconda.org/conda-forge/noarch/font-ttf-inconsolata-3.000-h77eed37_0.tar.bz2#34893075a5c9e55cdafac56607368fc6
https://conda.anaconda.org/conda-forge/noarch/font-ttf-source-code-pro-2.038-h77eed37_0.tar.bz2#4d59c254e01d9cde7957100457e2d5fb
https://conda.anaconda.org/conda-forge/noarch/font-ttf-ubuntu-0.83-h77eed37_3.conda#49023d73832ef61042f6a237cb2687e7
https://conda.anaconda.org/conda-forge/noarch/kernel-headers_linux-64-4.18.0-he073ed8_9.conda#86d9cba083cd041bfbf242a01a7a1999
https://conda.anaconda.org/conda-forge/noarch/tzdata-2025c-hc9c84f9_1.conda#ad659d0a2b3e47e38d829aa8cad2d610
https://conda.anaconda.org/conda-forge/noarch/ca-certificates-2026.6.17-hbd8a1cb_0.conda#a9965dd99f683c5f444428f896635716
https://conda.anaconda.org/conda-forge/noarch/fonts-conda-forge-1-hc364b38_1.conda#a7970cd949a077b7cb9696379d338681
https://conda.anaconda.org/conda-forge/noarch/libgcc-devel_linux-64-15.2.0-hcc6f6b0_119.conda#683fcb168e1df9a21fa80d5aa2d9330b
https://conda.anaconda.org/conda-forge/linux-64/libgomp-15.2.0-he0feb66_19.conda#faac990cb7aedc7f3a2224f2c9b0c26c
https://conda.anaconda.org/conda-forge/noarch/libstdcxx-devel_linux-64-15.2.0-hd446a21_119.conda#bcfe7eae40158c3e355d2f9d3ed41230
https://conda.anaconda.org/conda-forge/linux-64/libzlib-1.3.2-h25fd6f3_2.conda#d87ff7921124eccd67248aa483c23fec
https://conda.anaconda.org/conda-forge/noarch/sysroot_linux-64-2.28-h4ee821c_9.conda#13dc3adbc692664cd3beabd216434749
https://conda.anaconda.org/conda-forge/linux-64/_openmp_mutex-4.5-20_gnu.conda#a9f577daf3de00bca7c3c76c0ecbd1de
https://conda.anaconda.org/conda-forge/noarch/fonts-conda-ecosystem-1-0.tar.bz2#fee5683a3f04bd15cbd8318b096a27ab
https://conda.anaconda.org/conda-forge/linux-64/zlib-1.3.2-h25fd6f3_2.conda#c2a01a08fc991620a74b32420e97868a
https://conda.anaconda.org/conda-forge/linux-64/zstd-1.5.7-hb78ec9c_6.conda#4a13eeac0b5c8e5b8ab496e6c4ddd829
https://conda.anaconda.org/conda-forge/linux-64/ld_impl_linux-64-2.45.1-default_hbd61a6d_102.conda#18335a698559cdbcd86150a48bf54ba6
https://conda.anaconda.org/conda-forge/linux-64/libgcc-15.2.0-he0feb66_19.conda#57736f29cc2b0ec0b6c2952d3f101b6a
https://conda.anaconda.org/conda-forge/linux-64/binutils_impl_linux-64-2.45.1-default_hfdba357_102.conda#8165352fdce2d2025bf884dc0ee85700
https://conda.anaconda.org/conda-forge/linux-64/bzip2-1.0.8-hda65f42_9.conda#d2ffd7602c02f2b316fd921d39876885
https://conda.anaconda.org/conda-forge/linux-64/c-ares-1.34.6-hb03c661_0.conda#920bb03579f15389b9e512095ad995b7
https://conda.anaconda.org/conda-forge/linux-64/fribidi-1.0.16-hb03c661_0.conda#f9f81ea472684d75b9dd8d0b328cf655
https://conda.anaconda.org/conda-forge/linux-64/json-c-0.18-h6688a6e_0.conda#38f5dbc9ac808e31c00650f7be1db93f
https://conda.anaconda.org/conda-forge/linux-64/keyutils-1.6.3-hb9d3cd8_0.conda#b38117a3c920364aff79f870c984b4a3
https://conda.anaconda.org/conda-forge/linux-64/libdeflate-1.25-h17f619e_0.conda#6c77a605a7a689d17d4819c0f8ac9a00
https://conda.anaconda.org/conda-forge/linux-64/libexpat-2.8.1-hecca717_1.conda#b24d3c612f71e7aa74158d92106318b2
https://conda.anaconda.org/conda-forge/linux-64/libffi-3.4.6-h2dba641_1.conda#ede4673863426c0883c0063d853bbd85
https://conda.anaconda.org/conda-forge/linux-64/libgcc-ng-15.2.0-h69a702a_19.conda#331ee9b72b9dff570d56b1302c5ab37d
https://conda.anaconda.org/conda-forge/linux-64/libgfortran5-15.2.0-h68bc16d_19.conda#85072b0ad177c966294f129b7c04a2d5
https://conda.anaconda.org/conda-forge/linux-64/libiconv-1.18-h3b78370_2.conda#915f5995e94f60e9a4826e0b0920ee88
https://conda.anaconda.org/conda-forge/linux-64/libjpeg-turbo-3.1.4.1-hb03c661_0.conda#6178c6f2fb254558238ef4e6c56fb782
https://conda.anaconda.org/conda-forge/linux-64/liblzma-5.8.3-hb03c661_0.conda#b88d90cad08e6bc8ad540cb310a761fb
https://conda.anaconda.org/conda-forge/linux-64/libnsl-2.0.1-hb9d3cd8_1.conda#d864d34357c3b65a4b731f78c0801dc4
https://conda.anaconda.org/conda-forge/linux-64/libpng-1.6.58-h421ea60_0.conda#eba48a68a1a2b9d3c0d9511548db85db
https://conda.anaconda.org/conda-forge/linux-64/libsodium-1.0.22-h280c20c_1.conda#965e4d531b588b2e42f66fd8e48b056c
https://conda.anaconda.org/conda-forge/linux-64/libsqlite-3.53.2-h0c1763c_0.conda#062b0ac602fb0adf250e3dfa86f221c4
https://conda.anaconda.org/conda-forge/linux-64/libstdcxx-15.2.0-h934c35e_19.conda#5794b3bdc38177caf969dabd3af08549
https://conda.anaconda.org/conda-forge/linux-64/libuuid-2.42.2-h5347b49_0.conda#01bb81d12c957de066ea7362007df642
https://conda.anaconda.org/conda-forge/linux-64/libwebp-base-1.6.0-hd42ef1d_0.conda#aea31d2e5b1091feca96fcfe945c3cf9
https://conda.anaconda.org/conda-forge/linux-64/lzo-2.10-h280c20c_1002.conda#45161d96307e3a447cc3eb5896cf6f8c
https://conda.anaconda.org/conda-forge/linux-64/make-4.4.1-hb9d3cd8_2.conda#33405d2a66b1411db9f7242c8b97c9e7
https://conda.anaconda.org/conda-forge/linux-64/ncurses-6.6-hdb14827_0.conda#fc21868a1a5aacc937e7a18747acb8a5
https://conda.anaconda.org/conda-forge/linux-64/openssl-3.6.3-h35e630c_0.conda#79dd2074b5cd5c5c6b2930514a11e22d
https://conda.anaconda.org/conda-forge/linux-64/pthread-stubs-0.4-hb9d3cd8_1002.conda#b3c17d95b5a10c6e64a21fa17573e70e
https://conda.anaconda.org/conda-forge/linux-64/rav1e-0.8.1-h1fbca29_0.conda#d83958768626b3c8471ce032e28afcd3
https://conda.anaconda.org/conda-forge/linux-64/sed-4.10-h19d0853_0.conda#e4a1ff2e59a5d9b38be71d15c93cf1bd
https://conda.anaconda.org/conda-forge/linux-64/tk-8.6.13-noxft_h366c992_103.conda#cffd3bdd58090148f4cfcd831f4b26ab
https://conda.anaconda.org/conda-forge/linux-64/xorg-libice-1.1.2-hb9d3cd8_0.conda#fb901ff28063514abb6046c9ec2c4a45
https://conda.anaconda.org/conda-forge/linux-64/xorg-libxau-1.0.12-hb03c661_1.conda#b2895afaf55bf96a8c8282a2e47a5de0
https://conda.anaconda.org/conda-forge/linux-64/xorg-libxdmcp-1.1.5-hb03c661_1.conda#1dafce8548e38671bea82e3f5c6ce22f
https://conda.anaconda.org/conda-forge/linux-64/bwidget-1.10.1-ha770c72_1.conda#983b92277d78c0d0ec498e460caa0e6d
https://conda.anaconda.org/conda-forge/linux-64/dav1d-1.2.1-hd590300_0.conda#418c6ca5929a611cbd69204907a83995
https://conda.anaconda.org/conda-forge/linux-64/geos-3.13.0-h5888daf_0.conda#40b4ab956c90390e407bb177f8a58bab
https://conda.anaconda.org/conda-forge/linux-64/giflib-5.2.2-hd590300_0.conda#3bf7b9fd5a7136126e0234db4b87c8b6
https://conda.anaconda.org/conda-forge/linux-64/graphite2-1.3.15-hecca717_0.conda#cf09e9fc938518e91d0706572cadf17a
https://conda.anaconda.org/conda-forge/linux-64/lerc-4.1.0-hdb68285_0.conda#a752488c68f2e7c456bcbd8f16eec275
https://conda.anaconda.org/conda-forge/linux-64/libabseil-20250512.1-cxx17_hba17884_0.conda#83b160d4da3e1e847bf044997621ed63
https://conda.anaconda.org/conda-forge/linux-64/libedit-3.1.20250104-pl5321h7949ede_0.conda#c277e0a4d549b03ac1e9d6cbbe3d017b
https://conda.anaconda.org/conda-forge/linux-64/libev-4.33-hd590300_2.conda#172bf1cd1ff8629f2b1179945ed45055
https://conda.anaconda.org/conda-forge/linux-64/libfreetype6-2.14.3-h73754d4_0.conda#fb16b4b69e3f1dcfe79d80db8fd0c55d
https://conda.anaconda.org/conda-forge/linux-64/libgfortran-15.2.0-h69a702a_19.conda#42bf7eca1a951735fa06c0e3c0d5c8e6
https://conda.anaconda.org/conda-forge/linux-64/libsanitizer-15.2.0-h90f66d4_19.conda#67eef12ce33f7ff99900c212d7076fc2
https://conda.anaconda.org/conda-forge/linux-64/libssh2-1.11.1-hcf80075_0.conda#eecce068c7e4eddeb169591baac20ac4
https://conda.anaconda.org/conda-forge/linux-64/libstdcxx-ng-15.2.0-hdf11a46_19.conda#e5ce228e579726c07255dbf90dc62101
https://conda.anaconda.org/conda-forge/linux-64/libudunits2-2.2.28-h40f5838_3.conda#4bdace082e911a3e1f1f0b721bed5b56
https://conda.anaconda.org/conda-forge/linux-64/libxcb-1.17.0-h8a09558_0.conda#92ed62436b625154323d40d5f2f11dd7
https://conda.anaconda.org/conda-forge/linux-64/lz4-c-1.10.0-h5888daf_1.conda#9de5350a85c4a20c685259b889aa6393
https://conda.anaconda.org/conda-forge/linux-64/minizip-4.2.1-hb71707f_0.conda#fe7b4ff5792fee512aad843294ea809a
https://conda.anaconda.org/conda-forge/linux-64/pcre2-10.44-hc749103_2.conda#31614c73d7b103ef76faa4d83d261d34
https://conda.anaconda.org/conda-forge/linux-64/pixman-0.46.4-h54a6638_1.conda#c01af13bdc553d1a8fbfff6e8db075f0
https://conda.anaconda.org/conda-forge/linux-64/readline-8.3-h853b02a_0.conda#d7d95fc8287ea7bf33e0e7116d2b95ec
https://conda.anaconda.org/conda-forge/linux-64/snappy-1.2.2-h03e3b7b_1.conda#98b6c9dc80eb87b2519b97bcf7e578dd
https://conda.anaconda.org/conda-forge/linux-64/svt-av1-4.0.1-hecca717_0.conda#2a2170a3e5c9a354d09e4be718c43235
https://conda.anaconda.org/conda-forge/linux-64/xorg-libsm-1.2.6-he73a12e_0.conda#1c74ff8c35dcadf952a16f752ca5aa49
https://conda.anaconda.org/conda-forge/linux-64/aom-3.9.1-hac33072_0.conda#346722a0be40f6edc53f12640d301338
https://conda.anaconda.org/conda-forge/linux-64/blosc-1.21.6-he440d0b_1.conda#2c2fae981fd2afd00812c92ac47d023d
https://conda.anaconda.org/conda-forge/linux-64/freexl-2.0.0-h9dce30a_2.conda#ecb5d11305b8ba1801543002e69d2f2f
https://conda.anaconda.org/conda-forge/linux-64/gcc_impl_linux-64-15.2.0-he0086c7_19.conda#e3be72048d3c4a78b8e27ec48ba06252
https://conda.anaconda.org/conda-forge/linux-64/icu-75.1-he02047a_0.conda#8b189310083baabfb622af68fd9d3ae3
https://conda.anaconda.org/conda-forge/linux-64/krb5-1.22.2-hbde042b_1.conda#54157a1c8c0bb70f62dd0b17fba7e7f2
https://conda.anaconda.org/conda-forge/linux-64/libde265-1.0.15-h00ab1b0_0.conda#407fee7a5d7ab2dca12c9ca7f62310ad
https://conda.anaconda.org/conda-forge/linux-64/libfreetype-2.14.3-ha770c72_0.conda#e289f3d17880e44b633ba911d57a321b
https://conda.anaconda.org/conda-forge/linux-64/libgfortran-ng-15.2.0-h69a702a_19.conda#35d07243abf828674d273aecd1dd537e
https://conda.anaconda.org/conda-forge/linux-64/libglib-2.84.1-h2ff4ddf_0.conda#0305434da649d4fb48a425e588b79ea6
https://conda.anaconda.org/conda-forge/linux-64/libnghttp2-1.68.1-h877daf1_0.conda#2a45e7f8af083626f009645a6481f12d
https://conda.anaconda.org/conda-forge/linux-64/libopenblas-0.3.33-pthreads_h94d23a6_0.conda#2d3278b721e40468295ca755c3b84070
https://conda.anaconda.org/conda-forge/linux-64/librttopo-1.1.0-h97f6797_17.conda#e16e9b1333385c502bf915195f421934
https://conda.anaconda.org/conda-forge/linux-64/libtiff-4.7.1-h9d88235_1.conda#cd5a90476766d53e901500df9215e927
https://conda.anaconda.org/conda-forge/linux-64/sqlite-3.53.2-hbc0de68_0.conda#38d9bf35a4cc83094a327811e548b660
https://conda.anaconda.org/conda-forge/linux-64/uriparser-0.9.8-hac33072_0.conda#d71d3a66528853c0a1ac2c02d79a0284
https://conda.anaconda.org/conda-forge/linux-64/x265-3.5-h924138e_3.tar.bz2#e7f6ed84d4623d52ee581325c1587a6b
https://conda.anaconda.org/conda-forge/linux-64/xorg-libx11-1.8.13-he1eb515_0.conda#861fb6ccbc677bb9a9fb2468430b9c6a
https://conda.anaconda.org/conda-forge/linux-64/fontconfig-2.18.1-h27c8c51_0.conda#e0e050cfa9fa85fe39632ab11cb7f3e0
https://conda.anaconda.org/conda-forge/linux-64/freetype-2.14.3-ha770c72_0.conda#8462b5322567212beeb025f3519fb3e2
https://conda.anaconda.org/conda-forge/linux-64/gfortran_impl_linux-64-15.2.0-h281d09f_19.conda#5d4fdb7935b8aa1cdb2e22ef8958101e
https://conda.anaconda.org/conda-forge/linux-64/gxx_impl_linux-64-15.2.0-hda75c37_19.conda#9d41f3899b512199af0a4bb939b83e21
https://conda.anaconda.org/conda-forge/linux-64/libavif16-1.4.2-hcfa2d63_0.conda#12f487a194816b619d5da0c53680c92e
https://conda.anaconda.org/conda-forge/linux-64/libblas-3.11.0-8_h4a7cf45_openblas.conda#00fc660ab1b2f5ca07e92b4900d10c79
https://conda.anaconda.org/conda-forge/linux-64/libcurl-8.21.0-hcf29cc6_0.conda#dcd79cabd5d435f48d75db3d81cb5874
https://conda.anaconda.org/conda-forge/linux-64/libkml-1.3.0-haa4a5bd_1023.conda#953b7cca897e21215302dbfe2af5cd0c
https://conda.anaconda.org/conda-forge/linux-64/libxml2-2.13.9-h04c0eec_0.conda#35eeb0a2add53b1e50218ed230fa6a02
https://conda.anaconda.org/conda-forge/linux-64/tktable-2.10-h5a7a40f_8.conda#72628f56d7a99b86efa435a0b97a4b47
https://conda.anaconda.org/conda-forge/linux-64/xerces-c-3.2.5-h988505b_2.conda#9dda9667feba914e0e80b95b82f7402b
https://conda.anaconda.org/conda-forge/linux-64/xorg-libxext-1.3.7-hb03c661_0.conda#34e54f03dfea3e7a2dcf1453a85f1085
https://conda.anaconda.org/conda-forge/linux-64/xorg-libxrender-0.9.12-hb9d3cd8_0.conda#96d57aba173e878a2089d5638016dc5e
https://conda.anaconda.org/conda-forge/linux-64/xorg-libxt-1.3.1-hb9d3cd8_0.conda#279b0de5f6ba95457190a1c459a64e31
https://conda.anaconda.org/conda-forge/linux-64/zeromq-4.3.5-h09e67af_11.conda#96b08867e21d4694fa5c2c226e6581b0
https://conda.anaconda.org/conda-forge/linux-64/cairo-1.18.4-h3394656_0.conda#09262e66b19567aff4f592fb53b28760
https://conda.anaconda.org/conda-forge/linux-64/curl-8.21.0-hcf29cc6_0.conda#35caaabe13a4aa0fe77ea634c71478b8
https://conda.anaconda.org/conda-forge/linux-64/libarchive-3.7.7-h75ea233_4.conda#b80309616f188ac77c4740acba40f796
https://conda.anaconda.org/conda-forge/linux-64/libcblas-3.11.0-8_h0358290_openblas.conda#33a413f1095f8325e5c30fde3b0d2445
https://conda.anaconda.org/conda-forge/linux-64/libheif-1.19.7-gpl_hc18d805_100.conda#1db2693fa6a50bef58da2df97c5204cb
https://conda.anaconda.org/conda-forge/linux-64/liblapack-3.11.0-8_h47877c9_openblas.conda#809be8ba8712c77bc7d44c2d99390dc4
https://conda.anaconda.org/conda-forge/linux-64/proj-9.5.1-h0054346_0.conda#398cabfd9bd75e90d0901db95224f25f
https://conda.anaconda.org/conda-forge/linux-64/geotiff-1.7.4-h3551947_0.conda#5998212641e3feb3660295eacc717139
https://conda.anaconda.org/conda-forge/linux-64/gsl-2.7-he838d99_0.tar.bz2#fec079ba39c9cca093bf4c00001825de
https://conda.anaconda.org/conda-forge/linux-64/harfbuzz-11.2.1-h3beb420_0.conda#0e6e192d4b3d95708ad192d957cf3163
https://conda.anaconda.org/conda-forge/linux-64/libspatialite-5.1.0-h1b4f908_12.conda#641f91ac6f984a91a78ba2411fe4f106
https://conda.anaconda.org/conda-forge/linux-64/libgdal-core-3.10.2-h3359108_0.conda#f460a299f5a2f34a8049071f47a81949
https://conda.anaconda.org/conda-forge/linux-64/pango-1.56.3-h9ac818e_1.conda#21899b96828014270bd24fd266096612
https://conda.anaconda.org/conda-forge/linux-64/r-base-4.3.3-h5074ccb_16.conda#a0182a44e35738e214a7075a007aa92a
https://conda.anaconda.org/conda-forge/linux-64/r-base64enc-0.1_3-r43hb1dbf0f_1007.conda#3509080778587bf9d42eae11e0246633
https://conda.anaconda.org/conda-forge/linux-64/r-cli-3.6.5-r43h93ab643_0.conda#5d49a07fdd4ca869c4a79082692c4d2a
https://conda.anaconda.org/conda-forge/noarch/r-codetools-0.2_20-r43hc72bb7e_1.conda#f54a935134de901af63096b29a56697e
https://conda.anaconda.org/conda-forge/noarch/r-cpp11-0.5.2-r43h785f33e_1.conda#7bc23dbad7c6015d9b2b9c59bb3e5d85
https://conda.anaconda.org/conda-forge/noarch/r-crayon-1.5.3-r43hc72bb7e_1.conda#bafc77be1942ea00228cf18d2cb30e35
https://conda.anaconda.org/conda-forge/linux-64/r-curl-7.0.0-r43h10955f1_0.conda#3237e03a9dc669489dab7a36dc1503c2
https://conda.anaconda.org/conda-forge/noarch/r-dbi-1.2.3-r43hc72bb7e_1.conda#6a3941852688f1291271e4ef5772425d
https://conda.anaconda.org/conda-forge/linux-64/r-digest-0.6.37-r43h0d4f4ea_0.conda#edcd201672d47f522666954cc7b25e0d
https://conda.anaconda.org/conda-forge/noarch/r-evaluate-1.0.5-r43hc72bb7e_0.conda#2bab6cf87eef4415a1004cf112319c81
https://conda.anaconda.org/conda-forge/linux-64/r-fansi-1.0.6-r43hb1dbf0f_1.conda#4c17a0f74a974316fdfafa5a9fe91b52
https://conda.anaconda.org/conda-forge/linux-64/r-fastmap-1.2.0-r43ha18555a_1.conda#ac100509c0d93c8dc19e53fb299a48b5
https://conda.anaconda.org/conda-forge/linux-64/r-glue-1.8.0-r43h2b5f3a1_0.conda#381d612db7519f2a54f1b187e738ac7b
https://conda.anaconda.org/conda-forge/noarch/r-iterators-1.0.14-r43hc72bb7e_3.conda#982226a9b2f88353204d23b7369683d7
https://conda.anaconda.org/conda-forge/linux-64/r-jsonlite-2.0.0-r43h2b5f3a1_0.conda#576ceaa3103ec089c0314e717d74e4de
https://conda.anaconda.org/conda-forge/linux-64/r-kernsmooth-2.23_26-r43h8461fee_0.conda#b2d302f924fbb35cd56c909842f32163
https://conda.anaconda.org/conda-forge/linux-64/r-lattice-0.22_7-r43h2b5f3a1_0.conda#1902233545ef5232dacdd973153d77c4
https://conda.anaconda.org/conda-forge/linux-64/r-magrittr-2.0.3-r43hb1dbf0f_3.conda#fc61bcf37e59037b486c8841a704e9da
https://conda.anaconda.org/conda-forge/linux-64/r-mass-7.3_60.0.1-r43hb1dbf0f_1.conda#c3c9184486ccabe19b86aba11351652e
https://conda.anaconda.org/conda-forge/linux-64/r-mime-0.13-r43h2b5f3a1_0.conda#908a1d0ff246fcf4040de60d49b08049
https://conda.anaconda.org/conda-forge/linux-64/r-pbdzmq-0.3_14-r43h549f438_0.conda#c5dd88d4d557db04946a26eb7824d9dc
https://conda.anaconda.org/conda-forge/linux-64/r-proxy-0.4_27-r43hb1dbf0f_3.conda#d7b831353a7bfbbe20980873e81fef97
https://conda.anaconda.org/conda-forge/noarch/r-r6-2.6.1-r43hc72bb7e_0.conda#be02712c703445dc5cabbe0f22d0d063
https://conda.anaconda.org/conda-forge/linux-64/r-rcpp-1.1.0-r43h93ab643_0.conda#b10c60cf4d65df16b0fe2a17e2324375
https://conda.anaconda.org/conda-forge/noarch/r-remotes-2.5.0-r43hc72bb7e_1.conda#1b9d1d90de2bb174a8af58e402e1f74a
https://conda.anaconda.org/conda-forge/linux-64/r-rlang-1.1.6-r43h93ab643_0.conda#057b78b5adfffc99092504a1da563abe
https://conda.anaconda.org/conda-forge/noarch/r-shape-1.4.6.1-r43ha770c72_1.conda#f3dc2930e4ff73b8913f773988fe47a9
https://conda.anaconda.org/conda-forge/linux-64/r-sys-3.4.3-r43h2b5f3a1_0.conda#b7ce9f99da446a47b97950ff9a9cbb60
https://conda.anaconda.org/conda-forge/linux-64/r-utf8-1.2.6-r43h2b5f3a1_0.conda#a2b3283964103f1ff47d6acea6f69e24
https://conda.anaconda.org/conda-forge/linux-64/r-uuid-1.2_1-r43hdb488b9_0.conda#910f2a2f84f53da39d2f0969abe160ad
https://conda.anaconda.org/conda-forge/linux-64/r-askpass-1.2.1-r43h2b5f3a1_0.conda#8ccad521ab24a75928dd54af1e42632d
https://conda.anaconda.org/conda-forge/linux-64/r-class-7.3_23-r43h2b5f3a1_0.conda#f5a6207da238d9d499f2a3e0a7f84c8c
https://conda.anaconda.org/conda-forge/linux-64/r-ellipsis-0.3.2-r43hb1dbf0f_3.conda#b8349582a31b17184a7674f4c847a5ad
https://conda.anaconda.org/conda-forge/noarch/r-foreach-1.5.2-r43hc72bb7e_3.conda#1b0d9e2f20eead453cf64c3257076abd
https://conda.anaconda.org/conda-forge/noarch/r-lifecycle-1.0.4-r43hc72bb7e_1.conda#7a0a8ba1fe2cf12b39062d8291e2fca8
https://conda.anaconda.org/conda-forge/linux-64/r-matrix-1.6_5-r43he966344_1.conda#df8a1175a62460e02dbf340966cbfeab
https://conda.anaconda.org/conda-forge/linux-64/r-sp-2.2_0-r43h2b5f3a1_0.conda#47c25794ea333c3529032865f780422d
https://conda.anaconda.org/conda-forge/linux-64/r-terra-1.8_42-r43h4d3cc04_0.conda#76ba7973770c1dcad131f27c9ab1468c
https://conda.anaconda.org/conda-forge/linux-64/r-units-0.8_7-r43h3697838_0.conda#231f71414b5fd44cccd5cff7b3a17174
https://conda.anaconda.org/conda-forge/linux-64/r-wk-0.9.4-r43h3697838_1.conda#833df65f1899f2418f6491988d21147a
https://conda.anaconda.org/conda-forge/linux-64/r-e1071-1.7_16-r43h93ab643_0.conda#deec964f274f54c0e4f83bd5b7be5de6
https://conda.anaconda.org/conda-forge/linux-64/r-htmltools-0.5.8.1-r43ha18555a_1.conda#7b26688542e1b7a39fc62affeef9d32e
https://conda.anaconda.org/conda-forge/linux-64/r-openssl-2.3.3-r43he8289e2_0.conda#00a4cd47c633cd3c83f3e5e960b3ddf5
https://conda.anaconda.org/conda-forge/linux-64/r-raster-3.6_32-r43h93ab643_1.conda#84b3bdab39fe063c080efc7fc5a760f4
https://conda.anaconda.org/conda-forge/linux-64/r-rcppeigen-0.3.4.0.2-r43hb79369c_0.conda#02aedbcf8e80e09bd14a6512344993bf
https://conda.anaconda.org/conda-forge/linux-64/r-s2-1.1.9-r43h7d5736c_1.conda#b20d036713e3caf5e4ba54f0cb6ad9e5
https://conda.anaconda.org/conda-forge/linux-64/r-survival-3.8_3-r43h2b5f3a1_0.conda#e0310ee9becb6ac350695e7e8c42c2e9
https://conda.anaconda.org/conda-forge/linux-64/r-vctrs-0.6.5-r43h0d4f4ea_1.conda#7f4c30bb576acec2a682c40790c2d406
https://conda.anaconda.org/conda-forge/linux-64/r-classint-0.4_11-r43hb67ce94_0.conda#15fd924ae1ccf952adf3160385b678f5
https://conda.anaconda.org/conda-forge/linux-64/r-glmnet-4.1_10-r43ha36cffa_0.conda#abb94d592da9feec787e6714742878c7
https://conda.anaconda.org/conda-forge/noarch/r-httr-1.4.7-r43hc72bb7e_1.conda#746050b53c705dbe5ac9c5fbce51737a
https://conda.anaconda.org/conda-forge/noarch/r-pillar-1.11.0-r43hc72bb7e_0.conda#657672af86f156a821b7a8d5ac88f916
https://conda.anaconda.org/conda-forge/noarch/r-maxnet-0.1.4-r43hc72bb7e_3.conda#010df7fc6e9e1f278d4f9105e4fb472f
https://conda.anaconda.org/conda-forge/noarch/r-repr-1.1.7-r43h785f33e_1.conda#c5196ead473f381384bc3dda3671c346
https://conda.anaconda.org/conda-forge/linux-64/r-sf-1.0_20-r43h4d3cc04_0.conda#58c6c3fbb8adbfea9de7720bdeea9983
https://conda.anaconda.org/conda-forge/noarch/r-irdisplay-1.1-r43hd8ed1ab_3.conda#356c5f8c44cdf7efcc909af30faf0f41
https://conda.anaconda.org/conda-forge/noarch/r-rnaturalearth-1.1.0-r43hc72bb7e_0.conda#4b685dc2086ded95dccb091f9de2fd18
https://conda.anaconda.org/conda-forge/noarch/r-irkernel-1.3.2-r43h785f33e_2.conda#c0f3622640c8ced990915dde4d1d8287
